PODS:
  - FCFileManager (1.0.20)
  - Masonry (1.1.0)

DEPENDENCIES:
  - FCFileManager (~> 1.0.19)
  - Masonry

SPEC REPOS:
  https://github.com/CocoaPods/Specs.git:
    - FCFileManager
    - Masonry

SPEC CHECKSUMS:
  FCFileManager: e0f73316e6aa2eb04d2ff4caa75fe7df1ae44270
  Masonry: 678fab65091a9290e40e2832a55e7ab731aad201

PODFILE CHECKSUM: ac250acc9bc099e5fb4358b809c935c5b3231433

COCOAPODS: 1.9.0
