// !$*UTF8*$!
{
	archiveVersion = 1;
	classes = {
	};
	objectVersion = 51;
	objects = {

/* Begin PBXBuildFile section */
		B61FF7B824C6FF5200EC6E0F /* WNTabBarController.m in Sources */ = {isa = PBXBuildFile; fileRef = B61FF7B724C6FF5200EC6E0F /* WNTabBarController.m */; };
		B61FF7BD24C7009F00EC6E0F /* WNUserViewController.m in Sources */ = {isa = PBXBuildFile; fileRef = B61FF7BC24C7009F00EC6E0F /* WNUserViewController.m */; };
		B61FF7C424C7040900EC6E0F /* tab_myInfo_off@2x.png in Resources */ = {isa = PBXBuildFile; fileRef = B61FF7C024C7040800EC6E0F /* tab_myInfo_off@2x.png */; };
		B61FF7C524C7040900EC6E0F /* tab_recommend_on@2x.png in Resources */ = {isa = PBXBuildFile; fileRef = B61FF7C124C7040800EC6E0F /* tab_recommend_on@2x.png */; };
		B61FF7C624C7040900EC6E0F /* tab_myInfo_on@2x.png in Resources */ = {isa = PBXBuildFile; fileRef = B61FF7C224C7040800EC6E0F /* tab_myInfo_on@2x.png */; };
		B61FF7C724C7040900EC6E0F /* tab_recommend_off@2x.png in Resources */ = {isa = PBXBuildFile; fileRef = B61FF7C324C7040900EC6E0F /* tab_recommend_off@2x.png */; };
		B63264C224C19C83003BC3DB /* AppDelegate.m in Sources */ = {isa = PBXBuildFile; fileRef = B63264C124C19C83003BC3DB /* AppDelegate.m */; };
		B63264CD24C19C86003BC3DB /* Assets.xcassets in Resources */ = {isa = PBXBuildFile; fileRef = B63264CC24C19C86003BC3DB /* Assets.xcassets */; };
		B63264D024C19C86003BC3DB /* LaunchScreen.storyboard in Resources */ = {isa = PBXBuildFile; fileRef = B63264CE24C19C86003BC3DB /* LaunchScreen.storyboard */; };
		B63264D324C19C86003BC3DB /* main.m in Sources */ = {isa = PBXBuildFile; fileRef = B63264D224C19C86003BC3DB /* main.m */; };
		B63264DB24C19D63003BC3DB /* DownloadViewController.m in Sources */ = {isa = PBXBuildFile; fileRef = B63264DA24C19D63003BC3DB /* DownloadViewController.m */; };
		B64AB63924C1B2500041BF76 /* DownloadManager.m in Sources */ = {isa = PBXBuildFile; fileRef = B64AB63824C1B2500041BF76 /* DownloadManager.m */; };
		B678DC8724C708B2005A6DEA /* TestViewController.m in Sources */ = {isa = PBXBuildFile; fileRef = B678DC8624C708B2005A6DEA /* TestViewController.m */; };
/* End PBXBuildFile section */

/* Begin PBXFileReference section */
		292F7E860081F2534B601306 /* Pods-万能下载器.release.xcconfig */ = {isa = PBXFileReference; includeInIndex = 1; lastKnownFileType = text.xcconfig; name = "Pods-万能下载器.release.xcconfig"; path = "Target Support Files/Pods-万能下载器/Pods-万能下载器.release.xcconfig"; sourceTree = "<group>"; };
		6A6F856A70458CB5C8DECF99 /* Pods-万能下载器.debug.xcconfig */ = {isa = PBXFileReference; includeInIndex = 1; lastKnownFileType = text.xcconfig; name = "Pods-万能下载器.debug.xcconfig"; path = "Target Support Files/Pods-万能下载器/Pods-万能下载器.debug.xcconfig"; sourceTree = "<group>"; };
		6DE3FF703AEAA5EB8A866B73 /* Pods______.framework */ = {isa = PBXFileReference; explicitFileType = wrapper.framework; includeInIndex = 0; path = "Pods______.framework"; sourceTree = BUILT_PRODUCTS_DIR; };
		B61FF7B624C6FF5200EC6E0F /* WNTabBarController.h */ = {isa = PBXFileReference; lastKnownFileType = sourcecode.c.h; path = WNTabBarController.h; sourceTree = "<group>"; };
		B61FF7B724C6FF5200EC6E0F /* WNTabBarController.m */ = {isa = PBXFileReference; lastKnownFileType = sourcecode.c.objc; path = WNTabBarController.m; sourceTree = "<group>"; };
		B61FF7BB24C7009F00EC6E0F /* WNUserViewController.h */ = {isa = PBXFileReference; lastKnownFileType = sourcecode.c.h; path = WNUserViewController.h; sourceTree = "<group>"; };
		B61FF7BC24C7009F00EC6E0F /* WNUserViewController.m */ = {isa = PBXFileReference; lastKnownFileType = sourcecode.c.objc; path = WNUserViewController.m; sourceTree = "<group>"; };
		B61FF7C024C7040800EC6E0F /* tab_myInfo_off@2x.png */ = {isa = PBXFileReference; lastKnownFileType = image.png; path = "tab_myInfo_off@2x.png"; sourceTree = "<group>"; };
		B61FF7C124C7040800EC6E0F /* tab_recommend_on@2x.png */ = {isa = PBXFileReference; lastKnownFileType = image.png; path = "tab_recommend_on@2x.png"; sourceTree = "<group>"; };
		B61FF7C224C7040800EC6E0F /* tab_myInfo_on@2x.png */ = {isa = PBXFileReference; lastKnownFileType = image.png; path = "tab_myInfo_on@2x.png"; sourceTree = "<group>"; };
		B61FF7C324C7040900EC6E0F /* tab_recommend_off@2x.png */ = {isa = PBXFileReference; lastKnownFileType = image.png; path = "tab_recommend_off@2x.png"; sourceTree = "<group>"; };
		B63264BD24C19C83003BC3DB /* 万能下载器.app */ = {isa = PBXFileReference; explicitFileType = wrapper.application; includeInIndex = 0; path = "万能下载器.app"; sourceTree = BUILT_PRODUCTS_DIR; };
		B63264C024C19C83003BC3DB /* AppDelegate.h */ = {isa = PBXFileReference; lastKnownFileType = sourcecode.c.h; path = AppDelegate.h; sourceTree = "<group>"; };
		B63264C124C19C83003BC3DB /* AppDelegate.m */ = {isa = PBXFileReference; lastKnownFileType = sourcecode.c.objc; path = AppDelegate.m; sourceTree = "<group>"; };
		B63264CC24C19C86003BC3DB /* Assets.xcassets */ = {isa = PBXFileReference; lastKnownFileType = folder.assetcatalog; path = Assets.xcassets; sourceTree = "<group>"; };
		B63264CF24C19C86003BC3DB /* Base */ = {isa = PBXFileReference; lastKnownFileType = file.storyboard; name = Base; path = Base.lproj/LaunchScreen.storyboard; sourceTree = "<group>"; };
		B63264D124C19C86003BC3DB /* Info.plist */ = {isa = PBXFileReference; lastKnownFileType = text.plist.xml; path = Info.plist; sourceTree = "<group>"; };
		B63264D224C19C86003BC3DB /* main.m */ = {isa = PBXFileReference; lastKnownFileType = sourcecode.c.objc; path = main.m; sourceTree = "<group>"; };
		B63264D924C19D63003BC3DB /* DownloadViewController.h */ = {isa = PBXFileReference; lastKnownFileType = sourcecode.c.h; path = DownloadViewController.h; sourceTree = "<group>"; };
		B63264DA24C19D63003BC3DB /* DownloadViewController.m */ = {isa = PBXFileReference; lastKnownFileType = sourcecode.c.objc; path = DownloadViewController.m; sourceTree = "<group>"; };
		B64AB63724C1B2500041BF76 /* DownloadManager.h */ = {isa = PBXFileReference; lastKnownFileType = sourcecode.c.h; path = DownloadManager.h; sourceTree = "<group>"; };
		B64AB63824C1B2500041BF76 /* DownloadManager.m */ = {isa = PBXFileReference; lastKnownFileType = sourcecode.c.objc; path = DownloadManager.m; sourceTree = "<group>"; };
		B64AB63A24C1C0E40041BF76 /* AppLog.pch */ = {isa = PBXFileReference; lastKnownFileType = sourcecode.c.h; path = AppLog.pch; sourceTree = "<group>"; };
		B678DC8524C708B2005A6DEA /* TestViewController.h */ = {isa = PBXFileReference; lastKnownFileType = sourcecode.c.h; path = TestViewController.h; sourceTree = "<group>"; };
		B678DC8624C708B2005A6DEA /* TestViewController.m */ = {isa = PBXFileReference; lastKnownFileType = sourcecode.c.objc; path = TestViewController.m; sourceTree = "<group>"; };
/* End PBXFileReference section */

/* Begin PBXFrameworksBuildPhase section */
		B63264BA24C19C83003BC3DB /* Frameworks */ = {
			isa = PBXFrameworksBuildPhase;
			buildActionMask = 2147483647;
			files = (
			);
			runOnlyForDeploymentPostprocessing = 0;
		};
/* End PBXFrameworksBuildPhase section */

/* Begin PBXGroup section */
		139164501F79E27173447303 /* Pods */ = {
			isa = PBXGroup;
			children = (
				6A6F856A70458CB5C8DECF99 /* Pods-万能下载器.debug.xcconfig */,
				292F7E860081F2534B601306 /* Pods-万能下载器.release.xcconfig */,
			);
			path = Pods;
			sourceTree = "<group>";
		};
		7C8153F06CF246CE28539707 /* Frameworks */ = {
			isa = PBXGroup;
			children = (
				6DE3FF703AEAA5EB8A866B73 /* Pods______.framework */,
			);
			name = Frameworks;
			sourceTree = "<group>";
		};
		B61FF7B224C6FEB500EC6E0F /* base */ = {
			isa = PBXGroup;
			children = (
				B61FF7BF24C703DF00EC6E0F /* resource */,
				B61FF7BE24C703D600EC6E0F /* controller */,
			);
			path = base;
			sourceTree = "<group>";
		};
		B61FF7B924C6FFBF00EC6E0F /* Downloader */ = {
			isa = PBXGroup;
			children = (
				B63264D924C19D63003BC3DB /* DownloadViewController.h */,
				B63264DA24C19D63003BC3DB /* DownloadViewController.m */,
				B64AB63724C1B2500041BF76 /* DownloadManager.h */,
				B64AB63824C1B2500041BF76 /* DownloadManager.m */,
			);
			path = Downloader;
			sourceTree = "<group>";
		};
		B61FF7BA24C7003100EC6E0F /* User */ = {
			isa = PBXGroup;
			children = (
				B61FF7BB24C7009F00EC6E0F /* WNUserViewController.h */,
				B61FF7BC24C7009F00EC6E0F /* WNUserViewController.m */,
				B678DC8524C708B2005A6DEA /* TestViewController.h */,
				B678DC8624C708B2005A6DEA /* TestViewController.m */,
			);
			path = User;
			sourceTree = "<group>";
		};
		B61FF7BE24C703D600EC6E0F /* controller */ = {
			isa = PBXGroup;
			children = (
				B61FF7B624C6FF5200EC6E0F /* WNTabBarController.h */,
				B61FF7B724C6FF5200EC6E0F /* WNTabBarController.m */,
			);
			path = controller;
			sourceTree = "<group>";
		};
		B61FF7BF24C703DF00EC6E0F /* resource */ = {
			isa = PBXGroup;
			children = (
				B61FF7C024C7040800EC6E0F /* tab_myInfo_off@2x.png */,
				B61FF7C224C7040800EC6E0F /* tab_myInfo_on@2x.png */,
				B61FF7C324C7040900EC6E0F /* tab_recommend_off@2x.png */,
				B61FF7C124C7040800EC6E0F /* tab_recommend_on@2x.png */,
			);
			path = resource;
			sourceTree = "<group>";
		};
		B63264B424C19C83003BC3DB = {
			isa = PBXGroup;
			children = (
				B63264BF24C19C83003BC3DB /* 万能下载器 */,
				B63264BE24C19C83003BC3DB /* Products */,
				139164501F79E27173447303 /* Pods */,
				7C8153F06CF246CE28539707 /* Frameworks */,
			);
			sourceTree = "<group>";
		};
		B63264BE24C19C83003BC3DB /* Products */ = {
			isa = PBXGroup;
			children = (
				B63264BD24C19C83003BC3DB /* 万能下载器.app */,
			);
			name = Products;
			sourceTree = "<group>";
		};
		B63264BF24C19C83003BC3DB /* 万能下载器 */ = {
			isa = PBXGroup;
			children = (
				B61FF7B224C6FEB500EC6E0F /* base */,
				B63264C024C19C83003BC3DB /* AppDelegate.h */,
				B63264C124C19C83003BC3DB /* AppDelegate.m */,
				B61FF7B924C6FFBF00EC6E0F /* Downloader */,
				B61FF7BA24C7003100EC6E0F /* User */,
				B63264CC24C19C86003BC3DB /* Assets.xcassets */,
				B63264CE24C19C86003BC3DB /* LaunchScreen.storyboard */,
				B63264D124C19C86003BC3DB /* Info.plist */,
				B64AB63A24C1C0E40041BF76 /* AppLog.pch */,
				B63264D224C19C86003BC3DB /* main.m */,
			);
			path = "万能下载器";
			sourceTree = "<group>";
		};
/* End PBXGroup section */

/* Begin PBXNativeTarget section */
		B63264BC24C19C83003BC3DB /* 万能下载器 */ = {
			isa = PBXNativeTarget;
			buildConfigurationList = B63264D624C19C86003BC3DB /* Build configuration list for PBXNativeTarget "万能下载器" */;
			buildPhases = (
				D3B29394BCC90B4B470871EC /* [CP] Check Pods Manifest.lock */,
				B63264B924C19C83003BC3DB /* Sources */,
				B63264BA24C19C83003BC3DB /* Frameworks */,
				B63264BB24C19C83003BC3DB /* Resources */,
				688FA602C4A25A0269A65519 /* [CP] Embed Pods Frameworks */,
			);
			buildRules = (
			);
			dependencies = (
			);
			name = "万能下载器";
			productName = "万能下载器";
			productReference = B63264BD24C19C83003BC3DB /* 万能下载器.app */;
			productType = "com.apple.product-type.application";
		};
/* End PBXNativeTarget section */

/* Begin PBXProject section */
		B63264B524C19C83003BC3DB /* Project object */ = {
			isa = PBXProject;
			attributes = {
				LastUpgradeCheck = 1100;
				ORGANIZATIONNAME = "许明洋";
				TargetAttributes = {
					B63264BC24C19C83003BC3DB = {
						CreatedOnToolsVersion = 11.0;
					};
				};
			};
			buildConfigurationList = B63264B824C19C83003BC3DB /* Build configuration list for PBXProject "万能下载器" */;
			compatibilityVersion = "Xcode 9.3";
			developmentRegion = en;
			hasScannedForEncodings = 0;
			knownRegions = (
				en,
				Base,
			);
			mainGroup = B63264B424C19C83003BC3DB;
			productRefGroup = B63264BE24C19C83003BC3DB /* Products */;
			projectDirPath = "";
			projectRoot = "";
			targets = (
				B63264BC24C19C83003BC3DB /* 万能下载器 */,
			);
		};
/* End PBXProject section */

/* Begin PBXResourcesBuildPhase section */
		B63264BB24C19C83003BC3DB /* Resources */ = {
			isa = PBXResourcesBuildPhase;
			buildActionMask = 2147483647;
			files = (
				B61FF7C524C7040900EC6E0F /* tab_recommend_on@2x.png in Resources */,
				B61FF7C424C7040900EC6E0F /* tab_myInfo_off@2x.png in Resources */,
				B61FF7C624C7040900EC6E0F /* tab_myInfo_on@2x.png in Resources */,
				B63264D024C19C86003BC3DB /* LaunchScreen.storyboard in Resources */,
				B63264CD24C19C86003BC3DB /* Assets.xcassets in Resources */,
				B61FF7C724C7040900EC6E0F /* tab_recommend_off@2x.png in Resources */,
			);
			runOnlyForDeploymentPostprocessing = 0;
		};
/* End PBXResourcesBuildPhase section */

/* Begin PBXShellScriptBuildPhase section */
		688FA602C4A25A0269A65519 /* [CP] Embed Pods Frameworks */ = {
			isa = PBXShellScriptBuildPhase;
			buildActionMask = 2147483647;
			files = (
			);
			inputFileListPaths = (
				"${PODS_ROOT}/Target Support Files/Pods-万能下载器/Pods-万能下载器-frameworks-${CONFIGURATION}-input-files.xcfilelist",
			);
			name = "[CP] Embed Pods Frameworks";
			outputFileListPaths = (
				"${PODS_ROOT}/Target Support Files/Pods-万能下载器/Pods-万能下载器-frameworks-${CONFIGURATION}-output-files.xcfilelist",
			);
			runOnlyForDeploymentPostprocessing = 0;
			shellPath = /bin/sh;
			shellScript = "\"${PODS_ROOT}/Target Support Files/Pods-万能下载器/Pods-万能下载器-frameworks.sh\"\n";
			showEnvVarsInLog = 0;
		};
		D3B29394BCC90B4B470871EC /* [CP] Check Pods Manifest.lock */ = {
			isa = PBXShellScriptBuildPhase;
			buildActionMask = 2147483647;
			files = (
			);
			inputFileListPaths = (
			);
			inputPaths = (
				"${PODS_PODFILE_DIR_PATH}/Podfile.lock",
				"${PODS_ROOT}/Manifest.lock",
			);
			name = "[CP] Check Pods Manifest.lock";
			outputFileListPaths = (
			);
			outputPaths = (
				"$(DERIVED_FILE_DIR)/Pods-万能下载器-checkManifestLockResult.txt",
			);
			runOnlyForDeploymentPostprocessing = 0;
			shellPath = /bin/sh;
			shellScript = "diff \"${PODS_PODFILE_DIR_PATH}/Podfile.lock\" \"${PODS_ROOT}/Manifest.lock\" > /dev/null\nif [ $? != 0 ] ; then\n    # print error to STDERR\n    echo \"error: The sandbox is not in sync with the Podfile.lock. Run 'pod install' or update your CocoaPods installation.\" >&2\n    exit 1\nfi\n# This output is used by Xcode 'outputs' to avoid re-running this script phase.\necho \"SUCCESS\" > \"${SCRIPT_OUTPUT_FILE_0}\"\n";
			showEnvVarsInLog = 0;
		};
/* End PBXShellScriptBuildPhase section */

/* Begin PBXSourcesBuildPhase section */
		B63264B924C19C83003BC3DB /* Sources */ = {
			isa = PBXSourcesBuildPhase;
			buildActionMask = 2147483647;
			files = (
				B61FF7BD24C7009F00EC6E0F /* WNUserViewController.m in Sources */,
				B63264C224C19C83003BC3DB /* AppDelegate.m in Sources */,
				B678DC8724C708B2005A6DEA /* TestViewController.m in Sources */,
				B63264D324C19C86003BC3DB /* main.m in Sources */,
				B63264DB24C19D63003BC3DB /* DownloadViewController.m in Sources */,
				B61FF7B824C6FF5200EC6E0F /* WNTabBarController.m in Sources */,
				B64AB63924C1B2500041BF76 /* DownloadManager.m in Sources */,
			);
			runOnlyForDeploymentPostprocessing = 0;
		};
/* End PBXSourcesBuildPhase section */

/* Begin PBXVariantGroup section */
		B63264CE24C19C86003BC3DB /* LaunchScreen.storyboard */ = {
			isa = PBXVariantGroup;
			children = (
				B63264CF24C19C86003BC3DB /* Base */,
			);
			name = LaunchScreen.storyboard;
			sourceTree = "<group>";
		};
/* End PBXVariantGroup section */

/* Begin XCBuildConfiguration section */
		B63264D424C19C86003BC3DB /* Debug */ = {
			isa = XCBuildConfiguration;
			buildSettings = {
				ALWAYS_SEARCH_USER_PATHS = NO;
				CLANG_ANALYZER_NONNULL = YES;
				CLANG_ANALYZER_NUMBER_OBJECT_CONVERSION = YES_AGGRESSIVE;
				CLANG_CXX_LANGUAGE_STANDARD = "gnu++14";
				CLANG_CXX_LIBRARY = "libc++";
				CLANG_ENABLE_MODULES = YES;
				CLANG_ENABLE_OBJC_ARC = YES;
				CLANG_ENABLE_OBJC_WEAK = YES;
				CLANG_WARN_BLOCK_CAPTURE_AUTORELEASING = YES;
				CLANG_WARN_BOOL_CONVERSION = YES;
				CLANG_WARN_COMMA = YES;
				CLANG_WARN_CONSTANT_CONVERSION = YES;
				CLANG_WARN_DEPRECATED_OBJC_IMPLEMENTATIONS = YES;
				CLANG_WARN_DIRECT_OBJC_ISA_USAGE = YES_ERROR;
				CLANG_WARN_DOCUMENTATION_COMMENTS = YES;
				CLANG_WARN_EMPTY_BODY = YES;
				CLANG_WARN_ENUM_CONVERSION = YES;
				CLANG_WARN_INFINITE_RECURSION = YES;
				CLANG_WARN_INT_CONVERSION = YES;
				CLANG_WARN_NON_LITERAL_NULL_CONVERSION = YES;
				CLANG_WARN_OBJC_IMPLICIT_RETAIN_SELF = YES;
				CLANG_WARN_OBJC_LITERAL_CONVERSION = YES;
				CLANG_WARN_OBJC_ROOT_CLASS = YES_ERROR;
				CLANG_WARN_RANGE_LOOP_ANALYSIS = YES;
				CLANG_WARN_STRICT_PROTOTYPES = YES;
				CLANG_WARN_SUSPICIOUS_MOVE = YES;
				CLANG_WARN_UNGUARDED_AVAILABILITY = YES_AGGRESSIVE;
				CLANG_WARN_UNREACHABLE_CODE = YES;
				CLANG_WARN__DUPLICATE_METHOD_MATCH = YES;
				COPY_PHASE_STRIP = NO;
				DEBUG_INFORMATION_FORMAT = dwarf;
				ENABLE_STRICT_OBJC_MSGSEND = YES;
				ENABLE_TESTABILITY = YES;
				GCC_C_LANGUAGE_STANDARD = gnu11;
				GCC_DYNAMIC_NO_PIC = NO;
				GCC_NO_COMMON_BLOCKS = YES;
				GCC_OPTIMIZATION_LEVEL = 0;
				GCC_PREPROCESSOR_DEFINITIONS = (
					"DEBUG=1",
					"$(inherited)",
				);
				GCC_WARN_64_TO_32_BIT_CONVERSION = YES;
				GCC_WARN_ABOUT_RETURN_TYPE = YES_ERROR;
				GCC_WARN_UNDECLARED_SELECTOR = YES;
				GCC_WARN_UNINITIALIZED_AUTOS = YES_AGGRESSIVE;
				GCC_WARN_UNUSED_FUNCTION = YES;
				GCC_WARN_UNUSED_VARIABLE = YES;
				IPHONEOS_DEPLOYMENT_TARGET = 13.0;
				MTL_ENABLE_DEBUG_INFO = INCLUDE_SOURCE;
				MTL_FAST_MATH = YES;
				ONLY_ACTIVE_ARCH = YES;
				SDKROOT = iphoneos;
			};
			name = Debug;
		};
		B63264D524C19C86003BC3DB /* Release */ = {
			isa = XCBuildConfiguration;
			buildSettings = {
				ALWAYS_SEARCH_USER_PATHS = NO;
				CLANG_ANALYZER_NONNULL = YES;
				CLANG_ANALYZER_NUMBER_OBJECT_CONVERSION = YES_AGGRESSIVE;
				CLANG_CXX_LANGUAGE_STANDARD = "gnu++14";
				CLANG_CXX_LIBRARY = "libc++";
				CLANG_ENABLE_MODULES = YES;
				CLANG_ENABLE_OBJC_ARC = YES;
				CLANG_ENABLE_OBJC_WEAK = YES;
				CLANG_WARN_BLOCK_CAPTURE_AUTORELEASING = YES;
				CLANG_WARN_BOOL_CONVERSION = YES;
				CLANG_WARN_COMMA = YES;
				CLANG_WARN_CONSTANT_CONVERSION = YES;
				CLANG_WARN_DEPRECATED_OBJC_IMPLEMENTATIONS = YES;
				CLANG_WARN_DIRECT_OBJC_ISA_USAGE = YES_ERROR;
				CLANG_WARN_DOCUMENTATION_COMMENTS = YES;
				CLANG_WARN_EMPTY_BODY = YES;
				CLANG_WARN_ENUM_CONVERSION = YES;
				CLANG_WARN_INFINITE_RECURSION = YES;
				CLANG_WARN_INT_CONVERSION = YES;
				CLANG_WARN_NON_LITERAL_NULL_CONVERSION = YES;
				CLANG_WARN_OBJC_IMPLICIT_RETAIN_SELF = YES;
				CLANG_WARN_OBJC_LITERAL_CONVERSION = YES;
				CLANG_WARN_OBJC_ROOT_CLASS = YES_ERROR;
				CLANG_WARN_RANGE_LOOP_ANALYSIS = YES;
				CLANG_WARN_STRICT_PROTOTYPES = YES;
				CLANG_WARN_SUSPICIOUS_MOVE = YES;
				CLANG_WARN_UNGUARDED_AVAILABILITY = YES_AGGRESSIVE;
				CLANG_WARN_UNREACHABLE_CODE = YES;
				CLANG_WARN__DUPLICATE_METHOD_MATCH = YES;
				COPY_PHASE_STRIP = NO;
				DEBUG_INFORMATION_FORMAT = "dwarf-with-dsym";
				ENABLE_NS_ASSERTIONS = NO;
				ENABLE_STRICT_OBJC_MSGSEND = YES;
				GCC_C_LANGUAGE_STANDARD = gnu11;
				GCC_NO_COMMON_BLOCKS = YES;
				GCC_WARN_64_TO_32_BIT_CONVERSION = YES;
				GCC_WARN_ABOUT_RETURN_TYPE = YES_ERROR;
				GCC_WARN_UNDECLARED_SELECTOR = YES;
				GCC_WARN_UNINITIALIZED_AUTOS = YES_AGGRESSIVE;
				GCC_WARN_UNUSED_FUNCTION = YES;
				GCC_WARN_UNUSED_VARIABLE = YES;
				IPHONEOS_DEPLOYMENT_TARGET = 13.0;
				MTL_ENABLE_DEBUG_INFO = NO;
				MTL_FAST_MATH = YES;
				SDKROOT = iphoneos;
				VALIDATE_PRODUCT = YES;
			};
			name = Release;
		};
		B63264D724C19C86003BC3DB /* Debug */ = {
			isa = XCBuildConfiguration;
			baseConfigurationReference = 6A6F856A70458CB5C8DECF99 /* Pods-万能下载器.debug.xcconfig */;
			buildSettings = {
				ASSETCATALOG_COMPILER_APPICON_NAME = AppIcon;
				CODE_SIGN_STYLE = Automatic;
				DEVELOPMENT_TEAM = NC2M6D7A5Q;
				GCC_PRECOMPILE_PREFIX_HEADER = YES;
				GCC_PREFIX_HEADER = "/Users/xumingyang/Desktop/iOS性能优化实战/万能下载器/万能下载器/AppLog.pch";
				INFOPLIST_FILE = "万能下载器/Info.plist";
				LD_RUNPATH_SEARCH_PATHS = (
					"$(inherited)",
					"@executable_path/Frameworks",
				);
				PRODUCT_BUNDLE_IDENTIFIER = "com.greatyun.---";
				PRODUCT_NAME = "$(TARGET_NAME)";
				TARGETED_DEVICE_FAMILY = "1,2";
			};
			name = Debug;
		};
		B63264D824C19C86003BC3DB /* Release */ = {
			isa = XCBuildConfiguration;
			baseConfigurationReference = 292F7E860081F2534B601306 /* Pods-万能下载器.release.xcconfig */;
			buildSettings = {
				ASSETCATALOG_COMPILER_APPICON_NAME = AppIcon;
				CODE_SIGN_STYLE = Automatic;
				DEVELOPMENT_TEAM = NC2M6D7A5Q;
				GCC_PRECOMPILE_PREFIX_HEADER = YES;
				GCC_PREFIX_HEADER = "/Users/xumingyang/Desktop/iOS性能优化实战/万能下载器/万能下载器/AppLog.pch";
				INFOPLIST_FILE = "万能下载器/Info.plist";
				LD_RUNPATH_SEARCH_PATHS = (
					"$(inherited)",
					"@executable_path/Frameworks",
				);
				PRODUCT_BUNDLE_IDENTIFIER = "com.greatyun.---";
				PRODUCT_NAME = "$(TARGET_NAME)";
				TARGETED_DEVICE_FAMILY = "1,2";
			};
			name = Release;
		};
/* End XCBuildConfiguration section */

/* Begin XCConfigurationList section */
		B63264B824C19C83003BC3DB /* Build configuration list for PBXProject "万能下载器" */ = {
			isa = XCConfigurationList;
			buildConfigurations = (
				B63264D424C19C86003BC3DB /* Debug */,
				B63264D524C19C86003BC3DB /* Release */,
			);
			defaultConfigurationIsVisible = 0;
			defaultConfigurationName = Release;
		};
		B63264D624C19C86003BC3DB /* Build configuration list for PBXNativeTarget "万能下载器" */ = {
			isa = XCConfigurationList;
			buildConfigurations = (
				B63264D724C19C86003BC3DB /* Debug */,
				B63264D824C19C86003BC3DB /* Release */,
			);
			defaultConfigurationIsVisible = 0;
			defaultConfigurationName = Release;
		};
/* End XCConfigurationList section */
	};
	rootObject = B63264B524C19C83003BC3DB /* Project object */;
}
